
Microsoft Visual Studio Solution File, Format Version 12.00
# Visual Studio 15
VisualStudioVersion = 15.0.26730.15
MinimumVisualStudioVersion = 10.0.40219.1
Project("{FAE04EC0-301F-11D3-BF4B-00C04F79EFBC}") = "sim756.WindowsServiceRESTServerSample", "sim756.WindowsServiceRESTServerSample.csproj", "{DC85B612-1BAE-403E-A2A6-CFE4E0297A08}"
EndProject
Global
	GlobalSection(SolutionConfigurationPlatforms) = preSolution
		Debug|Any CPU = Debug|Any CPU
		Release|Any CPU = Release|Any CPU
	EndGlobalSection
	GlobalSection(ProjectConfigurationPlatforms) = postSolution
		{DC85B612-1BAE-403E-A2A6-CFE4E0297A08}.Debug|Any CPU.ActiveCfg = Debug|Any CPU
		{DC85B612-1BAE-403E-A2A6-CFE4E0297A08}.Debug|Any CPU.Build.0 = Debug|Any CPU
		{DC85B612-1BAE-403E-A2A6-CFE4E0297A08}.Release|Any CPU.ActiveCfg = Release|Any CPU
		{DC85B612-1BAE-403E-A2A6-CFE4E0297A08}.Release|Any CPU.Build.0 = Release|Any CPU
	EndGlobalSection
	GlobalSection(SolutionProperties) = preSolution
		HideSolutionNode = FALSE
	EndGlobalSection
	GlobalSection(ExtensibilityGlobals) = postSolution
		SolutionGuid = {A174635E-31DC-468F-B589-0A9B252E7368}
	EndGlobalSection
EndGlobal
